<?xml version="1.0" encoding="utf-8"?>
<Project ToolsVersion="4.0" xmlns="http://schemas.microsoft.com/developer/msbuild/2003">
  <ItemGroup>
    <Filter Include="Source Files">
      <UniqueIdentifier>{4FC737F1-C7A5-4376-A066-2A32D752A2FF}</UniqueIdentifier>
      <Extensions>cpp;c;cc;cxx;def;odl;idl;hpj;bat;asm;asmx</Extensions>
    </Filter>
    <Filter Include="Header Files">
      <UniqueIdentifier>{93995380-89BD-4b04-88EB-625FBE52EBFB}</UniqueIdentifier>
      <Extensions>h;hh;hpp;hxx;hm;inl;inc;xsd</Extensions>
    </Filter>
    <Filter Include="Resource Files">
      <UniqueIdentifier>{67DA6AB6-F800-4c08-8B7A-83BB121AAD01}</UniqueIdentifier>
      <Extensions>rc;ico;cur;bmp;dlg;rc2;rct;bin;rgs;gif;jpg;jpeg;jpe;resx;tiff;tif;png;wav;mfcribbon-ms</Extensions>
    </Filter>
    <Filter Include="Core">
      <UniqueIdentifier>{d8a5bf3d-f2e8-4f29-88e9-1b5a40421157}</UniqueIdentifier>
    </Filter>
    <Filter Include="Core\Camera">
      <UniqueIdentifier>{a89f0bf3-67c4-4fbd-8278-8727535753d8}</UniqueIdentifier>
    </Filter>
    <Filter Include="Externals">
      <UniqueIdentifier>{14988520-fce1-455f-ab11-17fdbbd8b82e}</UniqueIdentifier>
    </Filter>
    <Filter Include="Externals\mongoose">
      <UniqueIdentifier>{21f350a1-76e1-499b-b6f0-d76c637888d1}</UniqueIdentifier>
    </Filter>
    <Filter Include="Resource Files\Icons">
      <UniqueIdentifier>{c168b316-5961-4ffc-baaa-bcae17a1f35c}</UniqueIdentifier>
    </Filter>
  </ItemGroup>
  <ItemGroup>
    <ClInclude Include="resource.h">
      <Filter>Header Files</Filter>
    </ClInclude>
    <ClInclude Include="..\..\core\cameras\DirectShow\XDeviceCapabilities.hpp">
      <Filter>Core\Camera</Filter>
    </ClInclude>
    <ClInclude Include="..\..\core\cameras\DirectShow\XDeviceName.hpp">
      <Filter>Core\Camera</Filter>
    </ClInclude>
    <ClInclude Include="..\..\core\cameras\DirectShow\XDevicePinInfo.hpp">
      <Filter>Core\Camera</Filter>
    </ClInclude>
    <ClInclude Include="..\..\core\cameras\DirectShow\XLocalVideoDevice.hpp">
      <Filter>Core\Camera</Filter>
    </ClInclude>
    <ClInclude Include="..\..\core\cameras\DirectShow\XLocalVideoDeviceConfig.hpp">
      <Filter>Core\Camera</Filter>
    </ClInclude>
    <ClInclude Include="..\..\core\IVideoSource.hpp">
      <Filter>Core</Filter>
    </ClInclude>
    <ClInclude Include="..\..\core\IVideoSourceListener.hpp">
      <Filter>Core</Filter>
    </ClInclude>
    <ClInclude Include="..\..\core\XInterfaces.hpp">
      <Filter>Core</Filter>
    </ClInclude>
    <ClInclude Include="..\..\core\IObjectConfigurator.hpp">
      <Filter>Core</Filter>
    </ClInclude>
    <ClInclude Include="..\..\core\XError.hpp">
      <Filter>Core</Filter>
    </ClInclude>
    <ClInclude Include="..\..\core\XImage.hpp">
      <Filter>Core</Filter>
    </ClInclude>
    <ClInclude Include="..\..\core\XManualResetEvent.hpp">
      <Filter>Core</Filter>
    </ClInclude>
    <ClInclude Include="..\..\core\XVideoSourceToWeb.hpp">
      <Filter>Core</Filter>
    </ClInclude>
    <ClInclude Include="..\..\core\XWebServer.hpp">
      <Filter>Core</Filter>
    </ClInclude>
    <ClInclude Include="..\..\core\XJpegEncoder.hpp">
      <Filter>Core</Filter>
    </ClInclude>
    <ClInclude Include="..\..\core\XSimpleJsonParser.hpp">
      <Filter>Core</Filter>
    </ClInclude>
    <ClInclude Include="..\..\core\IObjectInformation.hpp">
      <Filter>Core</Filter>
    </ClInclude>
    <ClInclude Include="..\..\core\XObjectConfigurationRequestHandler.hpp">
      <Filter>Core</Filter>
    </ClInclude>
    <ClInclude Include="UiTools.hpp">
      <Filter>Header Files</Filter>
    </ClInclude>
    <ClInclude Include="SettingsDialog.hpp">
      <Filter>Header Files</Filter>
    </ClInclude>
    <ClInclude Include="AppConfig.hpp">
      <Filter>Header Files</Filter>
    </ClInclude>
    <ClInclude Include="..\..\core\XObjectConfigurationSerializer.hpp">
      <Filter>Core</Filter>
    </ClInclude>
    <ClInclude Include="Tools.hpp">
      <Filter>Header Files</Filter>
    </ClInclude>
    <ClInclude Include="AccessRightsDialog.hpp">
      <Filter>Header Files</Filter>
    </ClInclude>
    <ClInclude Include="EditUserDialog.hpp">
      <Filter>Header Files</Filter>
    </ClInclude>
    <ClInclude Include="EditAuthDomainDialog.hpp">
      <Filter>Header Files</Filter>
    </ClInclude>
    <ClInclude Include="..\..\core\XStringTools.hpp">
      <Filter>Core</Filter>
    </ClInclude>
    <ClInclude Include="..\..\core\XImageDrawing.hpp">
      <Filter>Core</Filter>
    </ClInclude>
    <ClInclude Include="..\..\core\XVideoFrameDecorator.hpp">
      <Filter>Core</Filter>
    </ClInclude>
  </ItemGroup>
  <ItemGroup>
    <ClCompile Include="cam2web.cpp">
      <Filter>Source Files</Filter>
    </ClCompile>
    <ClCompile Include="..\..\core\cameras\DirectShow\XDeviceCapabilities.cpp">
      <Filter>Core\Camera</Filter>
    </ClCompile>
    <ClCompile Include="..\..\core\cameras\DirectShow\XDeviceName.cpp">
      <Filter>Core\Camera</Filter>
    </ClCompile>
    <ClCompile Include="..\..\core\cameras\DirectShow\XDevicePinInfo.cpp">
      <Filter>Core\Camera</Filter>
    </ClCompile>
    <ClCompile Include="..\..\core\cameras\DirectShow\XLocalVideoDevice.cpp">
      <Filter>Core\Camera</Filter>
    </ClCompile>
    <ClCompile Include="..\..\core\cameras\DirectShow\XLocalVideoDeviceConfig.cpp">
      <Filter>Core\Camera</Filter>
    </ClCompile>
    <ClCompile Include="..\..\core\XError.cpp">
      <Filter>Core</Filter>
    </ClCompile>
    <ClCompile Include="..\..\core\XImage.cpp">
      <Filter>Core</Filter>
    </ClCompile>
    <ClCompile Include="..\..\core\XManualResetEvent.cpp">
      <Filter>Core</Filter>
    </ClCompile>
    <ClCompile Include="..\..\core\XVideoSourceToWeb.cpp">
      <Filter>Core</Filter>
    </ClCompile>
    <ClCompile Include="..\..\core\XWebServer.cpp">
      <Filter>Core</Filter>
    </ClCompile>
    <ClCompile Include="..\..\core\XJpegEncoder.cpp">
      <Filter>Core</Filter>
    </ClCompile>
    <ClCompile Include="..\..\core\XSimpleJsonParser.cpp">
      <Filter>Core</Filter>
    </ClCompile>
    <ClCompile Include="..\..\..\externals\mongoose\mongoose.c">
      <Filter>Externals\mongoose</Filter>
    </ClCompile>
    <ClCompile Include="..\..\core\XObjectConfigurationRequestHandler.cpp">
      <Filter>Core</Filter>
    </ClCompile>
    <ClCompile Include="UiTools.cpp">
      <Filter>Source Files</Filter>
    </ClCompile>
    <ClCompile Include="SettingsDialog.cpp">
      <Filter>Source Files</Filter>
    </ClCompile>
    <ClCompile Include="AppConfig.cpp">
      <Filter>Source Files</Filter>
    </ClCompile>
    <ClCompile Include="..\..\core\XObjectConfigurationSerializer.cpp">
      <Filter>Core</Filter>
    </ClCompile>
    <ClCompile Include="Tools.cpp">
      <Filter>Source Files</Filter>
    </ClCompile>
    <ClCompile Include="AccessRightsDialog.cpp">
      <Filter>Source Files</Filter>
    </ClCompile>
    <ClCompile Include="EditUserDialog.cpp">
      <Filter>Source Files</Filter>
    </ClCompile>
    <ClCompile Include="EditAuthDomainDialog.cpp">
      <Filter>Source Files</Filter>
    </ClCompile>
    <ClCompile Include="..\..\core\XStringTools.cpp">
      <Filter>Core</Filter>
    </ClCompile>
    <ClCompile Include="..\..\core\XImageDrawing.cpp">
      <Filter>Core</Filter>
    </ClCompile>
    <ClCompile Include="..\..\core\XVideoFrameDecorator.cpp">
      <Filter>Core</Filter>
    </ClCompile>
  </ItemGroup>
  <ItemGroup>
    <ResourceCompile Include="cam2web.rc">
      <Filter>Resource Files</Filter>
    </ResourceCompile>
  </ItemGroup>
  <ItemGroup>
    <Image Include="Icons\about.ico">
      <Filter>Resource Files\Icons</Filter>
    </Image>
    <Image Include="Icons\access.ico">
      <Filter>Resource Files\Icons</Filter>
    </Image>
    <Image Include="Icons\admin.ico">
      <Filter>Resource Files\Icons</Filter>
    </Image>
    <Image Include="Icons\cam2web.ico">
      <Filter>Resource Files\Icons</Filter>
    </Image>
    <Image Include="Icons\cam2web_green.ico">
      <Filter>Resource Files\Icons</Filter>
    </Image>
    <Image Include="Icons\cam2web_orange.ico">
      <Filter>Resource Files\Icons</Filter>
    </Image>
    <Image Include="Icons\cam2web_red.ico">
      <Filter>Resource Files\Icons</Filter>
    </Image>
    <Image Include="Icons\camera_active_blue.ico">
      <Filter>Resource Files\Icons</Filter>
    </Image>
    <Image Include="Icons\camera_active_green.ico">
      <Filter>Resource Files\Icons</Filter>
    </Image>
    <Image Include="Icons\camera_active_orange.ico">
      <Filter>Resource Files\Icons</Filter>
    </Image>
    <Image Include="Icons\camera_active_red.ico">
      <Filter>Resource Files\Icons</Filter>
    </Image>
    <Image Include="Icons\family.ico">
      <Filter>Resource Files\Icons</Filter>
    </Image>
    <Image Include="Icons\folder.ico">
      <Filter>Resource Files\Icons</Filter>
    </Image>
    <Image Include="Icons\password.ico">
      <Filter>Resource Files\Icons</Filter>
    </Image>
    <Image Include="Icons\settings.ico">
      <Filter>Resource Files\Icons</Filter>
    </Image>
    <Image Include="Icons\user.ico">
      <Filter>Resource Files\Icons</Filter>
    </Image>
  </ItemGroup>
</Project>